
Microsoft Visual Studio Solution File, Format Version 12.00
# Visual Studio Version 17
VisualStudioVersion = 17.11.35222.181
MinimumVisualStudioVersion = 10.0.40219.1
Project("{8BC9CEB8-8B4A-11D0-8D11-00A0C91BC942}") = "Scanner", "Scanner.vcxproj", "{D0E8C416-B86B-4D66-AC02-22B4D04975E3}"
EndProject
Global
	GlobalSection(SolutionConfigurationPlatforms) = preSolution
		Debug|x64 = Debug|x64
		Debug|x86 = Debug|x86
		Release|x64 = Release|x64
		Release|x86 = Release|x86
	EndGlobalSection
	GlobalSection(ProjectConfigurationPlatforms) = postSolution
		{D0E8C416-B86B-4D66-AC02-22B4D04975E3}.Debug|x64.ActiveCfg = Debug|x64
		{D0E8C416-B86B-4D66-AC02-22B4D04975E3}.Debug|x64.Build.0 = Debug|x64
		{D0E8C416-B86B-4D66-AC02-22B4D04975E3}.Debug|x86.ActiveCfg = Debug|Win32
		{D0E8C416-B86B-4D66-AC02-22B4D04975E3}.Debug|x86.Build.0 = Debug|Win32
		{D0E8C416-B86B-4D66-AC02-22B4D04975E3}.Release|x64.ActiveCfg = Release|x64
		{D0E8C416-B86B-4D66-AC02-22B4D04975E3}.Release|x64.Build.0 = Release|x64
		{D0E8C416-B86B-4D66-AC02-22B4D04975E3}.Release|x86.ActiveCfg = Release|Win32
		{D0E8C416-B86B-4D66-AC02-22B4D04975E3}.Release|x86.Build.0 = Release|Win32
	EndGlobalSection
	GlobalSection(SolutionProperties) = preSolution
		HideSolutionNode = FALSE
	EndGlobalSection
	GlobalSection(ExtensibilityGlobals) = postSolution
		SolutionGuid = {57D2D2E4-AD18-452A-B637-5404CA0EC72C}
	EndGlobalSection
EndGlobal
